
Microsoft Visual Studio Solution File, Format Version 12.00
# Visual Studio Version 16
VisualStudioVersion = 16.0.29215.179
MinimumVisualStudioVersion = 10.0.40219.1
Project("{FAE04EC0-301F-11D3-BF4B-00C04F79EFBC}") = "ClassLibrary", "ClassLibrary\ClassLibrary.csproj", "{F384D315-39B3-432D-AF85-4A24126F480E}"
EndProject
Global
	GlobalSection(SolutionConfigurationPlatforms) = preSolution
		Debug|Any CPU = Debug|Any CPU
		Release|Any CPU = Release|Any CPU
	EndGlobalSection
	GlobalSection(ProjectConfigurationPlatforms) = postSolution
		{F384D315-39B3-432D-AF85-4A24126F480E}.Debug|Any CPU.ActiveCfg = Debug|Any CPU
		{F384D315-39B3-432D-AF85-4A24126F480E}.Debug|Any CPU.Build.0 = Debug|Any CPU
		{F384D315-39B3-432D-AF85-4A24126F480E}.Release|Any CPU.ActiveCfg = Release|Any CPU
		{F384D315-39B3-432D-AF85-4A24126F480E}.Release|Any CPU.Build.0 = Release|Any CPU
	EndGlobalSection
	GlobalSection(SolutionProperties) = preSolution
		HideSolutionNode = FALSE
	EndGlobalSection
	GlobalSection(ExtensibilityGlobals) = postSolution
		SolutionGuid = {322DD44C-07A4-496A-BBE2-510A466AB3C3}
	EndGlobalSection
EndGlobal
